
Microsoft Visual Studio Solution File, Format Version 12.00
# Visual Studio Version 16
VisualStudioVersion = 16.0.30114.105
MinimumVisualStudioVersion = 10.0.40219.1
Project("{FAE04EC0-301F-11D3-BF4B-00C04F79EFBC}") = "DataAccess", "..\DataAccess\DataAccess.csproj", "{20311B71-071C-4997-8F78-B37E17F8471A}"
EndProject
Project("{FAE04EC0-301F-11D3-BF4B-00C04F79EFBC}") = "TweetBookAPI", "..\TweetBookAPI\TweetBookAPI.csproj", "{83196D2F-3390-4EB3-BEDE-0E313E875A37}"
EndProject
Global
	GlobalSection(SolutionConfigurationPlatforms) = preSolution
		Debug|Any CPU = Debug|Any CPU
		Release|Any CPU = Release|Any CPU
	EndGlobalSection
	GlobalSection(SolutionProperties) = preSolution
		HideSolutionNode = FALSE
	EndGlobalSection
	GlobalSection(ProjectConfigurationPlatforms) = postSolution
		{20311B71-071C-4997-8F78-B37E17F8471A}.Debug|Any CPU.ActiveCfg = Debug|Any CPU
		{20311B71-071C-4997-8F78-B37E17F8471A}.Debug|Any CPU.Build.0 = Debug|Any CPU
		{20311B71-071C-4997-8F78-B37E17F8471A}.Release|Any CPU.ActiveCfg = Release|Any CPU
		{20311B71-071C-4997-8F78-B37E17F8471A}.Release|Any CPU.Build.0 = Release|Any CPU
		{83196D2F-3390-4EB3-BEDE-0E313E875A37}.Debug|Any CPU.ActiveCfg = Debug|Any CPU
		{83196D2F-3390-4EB3-BEDE-0E313E875A37}.Debug|Any CPU.Build.0 = Debug|Any CPU
		{83196D2F-3390-4EB3-BEDE-0E313E875A37}.Release|Any CPU.ActiveCfg = Release|Any CPU
		{83196D2F-3390-4EB3-BEDE-0E313E875A37}.Release|Any CPU.Build.0 = Release|Any CPU
	EndGlobalSection
EndGlobal
